{
  "name": "pulseboard",
  "lockfileVersion": 3,
  "requires": true,
  "packages": {
    "": {
      "name": "pulseboard",
      "devDependencies": {
        "prettier": "^3.9.9",
        "prettier-plugin-astro": "^1.1.0"
      }
    },
    "node_modules/@astrojs/compiler-binding": {
      "version": "0.4.1",
      "resolved": "https://registry.npmjs.org/@astrojs/compiler-binding/-/compiler-binding-0.4.1.tgz",
      "integrity": "sha512-ZYVDW1P58OXyxqZbOMp+/2U9KA7y2esIx9r4pWdpZ/l6fCZhaw4ul+D7EgpRVxYLkyTWqzANbTTUFGPFP8zDHA==",
      "dev": true,
      "license": "MIT",
      "engines": {
        "node": "^20.19.0 || >=22.12.0"
      },
      "optionalDependencies": {
        "@astrojs/compiler-binding-android-arm64": "0.4.1",
        "@astrojs/compiler-binding-darwin-arm64": "0.4.1",
        "@astrojs/compiler-binding-darwin-x64": "0.4.1",
        "@astrojs/compiler-binding-linux-arm64-gnu": "0.4.1",
        "@astrojs/compiler-binding-linux-arm64-musl": "0.4.1",
        "@astrojs/compiler-binding-linux-x64-gnu": "0.4.1",
        "@astrojs/compiler-binding-linux-x64-musl": "0.4.1",
        "@astrojs/compiler-binding-wasm32-wasi": "0.4.1",
        "@astrojs/compiler-binding-win32-arm64-msvc": "0.4.1",
        "@astrojs/compiler-binding-win32-x64-msvc": "0.4.1"
      }
    },
    "node_modules/@astrojs/compiler-binding-android-arm64": {
      "version": "0.4.1",
      "resolved": "https://registry.npmjs.org/@astrojs/compiler-binding-android-arm64/-/compiler-binding-android-arm64-0.4.1.tgz",
      "integrity": "sha512-Wtx2DZORuNTLASLLZ8hlrjFaJe1LUloatcCn9EPq7knBhRpjMGXeJANIJMeBZG4igvz7x+3nyAJM2iwCSW9xog==",
      "cpu": [
        "arm64"
      ],
      "dev": true,
      "license": "MIT",
      "optional": true,
      "os": [
        "android"
      ],
      "engines": {
        "node": "^20.19.0 || >=22.12.0"
      }
    },
    "node_modules/@astrojs/compiler-binding-darwin-arm64": {
      "version": "0.4.1",
      "resolved": "https://registry.npmjs.org/@astrojs/compiler-binding-darwin-arm64/-/compiler-binding-darwin-arm64-0.4.1.tgz",
      "integrity": "sha512-7iwXcU+hB60Y1SvOfnWHNioT72gDsDQKaDipXh2Onwp/TvQMozhbvhy13wJR8Af940a0h6PbddCeJFpj791UDA==",
      "cpu": [
        "arm64"
      ],
      "dev": true,
      "license": "MIT",
      "optional": true,
      "os": [
        "darwin"
      ],
      "engines": {
        "node": "^20.19.0 || >=22.12.0"
      }
    },
    "node_modules/@astrojs/compiler-binding-darwin-x64": {
      "version": "0.4.1",
      "resolved": "https://registry.npmjs.org/@astrojs/compiler-binding-darwin-x64/-/compiler-binding-darwin-x64-0.4.1.tgz",
      "integrity": "sha512-pifjICos49RXhSVKSDu5gDB0/8j0O7DmxSp1DaWW2PyLG5ekwSkcrfOZto5JqhdI7QYMZB3XOiXpsdOXpS4npA==",
      "cpu": [
        "x64"
      ],
      "dev": true,
      "license": "MIT",
      "optional": true,
      "os": [
        "darwin"
      ],
      "engines": {
        "node": "^20.19.0 || >=22.12.0"
      }
    },
    "node_modules/@astrojs/compiler-binding-linux-arm64-gnu": {
      "version": "0.4.1",
      "resolved": "https://registry.npmjs.org/@astrojs/compiler-binding-linux-arm64-gnu/-/compiler-binding-linux-arm64-gnu-0.4.1.tgz",
      "integrity": "sha512-hsZMlNWc6LqWHh9LlSwTq1/XCY7pxA5rkkKIdZRV8mgbOz9OwLvjEoe5Jry13eIZjMUQO8XnQyzk8o/Pjw2YFA==",
      "cpu": [
        "arm64"
      ],
      "dev": true,
      "license": "MIT",
      "optional": true,
      "os": [
        "linux"
      ],
      "engines": {
        "node": "^20.19.0 || >=22.12.0"
      }
    },
    "node_modules/@astrojs/compiler-binding-linux-arm64-musl": {
      "version": "0.4.1",
      "resolved": "https://registry.npmjs.org/@astrojs/compiler-binding-linux-arm64-musl/-/compiler-binding-linux-arm64-musl-0.4.1.tgz",
      "integrity": "sha512-a3EW27f+Z9uf57vYmpLgUriA1y9wDhKz57PT8D8XlFZt2HZEWhUxKuxI1jvKVI9p8okYee11WXEm/FHY1G9yoQ==",
      "cpu": [
        "arm64"
      ],
      "dev": true,
      "license": "MIT",
      "optional": true,
      "os": [
        "linux"
      ],
      "engines": {
        "node": "^20.19.0 || >=22.12.0"
      }
    },
    "node_modules/@astrojs/compiler-binding-linux-x64-gnu": {
      "version": "0.4.1",
      "resolved": "https://registry.npmjs.org/@astrojs/compiler-binding-linux-x64-gnu/-/compiler-binding-linux-x64-gnu-0.4.1.tgz",
      "integrity": "sha512-XruPTKB/SS4DFzeAjQ1ZyM0ieHDjapHkOSnnzRApZ4FXY2YAI7UY3mETjfJiIS/acyZyrnPH5jObv1gATTdUJQ==",
      "cpu": [
        "x64"
      ],
      "dev": true,
      "license": "MIT",
      "optional": true,
      "os": [
        "linux"
      ],
      "engines": {
        "node": "^20.19.0 || >=22.12.0"
      }
    },
    "node_modules/@astrojs/compiler-binding-linux-x64-musl": {
      "version": "0.4.1",
      "resolved": "https://registry.npmjs.org/@astrojs/compiler-binding-linux-x64-musl/-/compiler-binding-linux-x64-musl-0.4.1.tgz",
      "integrity": "sha512-E8j7lGanqNpudtkUbsFaOLJhmwFe4Ecqux7K9hkj4wULIPNZRM2bYZNcMSj8r1oWvaUiwZl8LaaNwv3+14jqhw==",
      "cpu": [
        "x64"
      ],
      "dev": true,
      "license": "MIT",
      "optional": true,
      "os": [
        "linux"
      ],
      "engines": {
        "node": "^20.19.0 || >=22.12.0"
      }
    },
    "node_modules/@astrojs/compiler-binding-wasm32-wasi": {
      "version": "0.4.1",
      "resolved": "https://registry.npmjs.org/@astrojs/compiler-binding-wasm32-wasi/-/compiler-binding-wasm32-wasi-0.4.1.tgz",
      "integrity": "sha512-vNLxIv41ZE+nmPFtw24cRW5ZXG+ZPcAGtgigtjCP8lvcxKI7u2GrXoMsCgEH5fMw8WCEJpwLvsVBg15rJKAkyA==",
      "cpu": [
        "wasm32"
      ],
      "dev": true,
      "license": "MIT",
      "optional": true,
      "dependencies": {
        "@napi-rs/wasm-runtime": "^1.2.4"
      },
      "engines": {
        "node": ">=14.0.0"
      }
    },
    "node_modules/@astrojs/compiler-binding-win32-arm64-msvc": {
      "version": "0.4.1",
      "resolved": "https://registry.npmjs.org/@astrojs/compiler-binding-win32-arm64-msvc/-/compiler-binding-win32-arm64-msvc-0.4.1.tgz",
      "integrity": "sha512-/xTDgRsFDoTh0/+KFXJ74DY4Jqn8CoSHwa8UP5RAblHfnRHkenwfSl4zYDET61O9vXKLk09UzHjjq09yP20/AQ==",
      "cpu": [
        "arm64"
      ],
      "dev": true,
      "license": "MIT",
      "optional": true,
      "os": [
        "win32"
      ],
      "engines": {
        "node": "^20.19.0 || >=22.12.0"
      }
    },
    "node_modules/@astrojs/compiler-binding-win32-x64-msvc": {
      "version": "0.4.1",
      "resolved": "https://registry.npmjs.org/@astrojs/compiler-binding-win32-x64-msvc/-/compiler-binding-win32-x64-msvc-0.4.1.tgz",
      "integrity": "sha512-0x5J6iHZO0Fjo/CVzoIbXKzWnGESftDbEUQ/oXQ61HhUAFoR7+T1jfToZSNAS+gYyBXHSTpMWYC7lzarbhClcg==",
      "cpu": [
        "x64"
      ],
      "dev": true,
      "license": "MIT",
      "optional": true,
      "os": [
        "win32"
      ],
      "engines": {
        "node": "^20.19.0 || >=22.12.0"
      }
    },
    "node_modules/@astrojs/compiler-rs": {
      "version": "0.4.1",
      "resolved": "https://registry.npmjs.org/@astrojs/compiler-rs/-/compiler-rs-0.4.1.tgz",
      "integrity": "sha512-//NmAuRhy7eU9iP0ceI5Pymy55M+nUZ//kS6XeOyhBWdDib2KbJOyFaVJ52k7sDkJwTKVox7oPu3SpYiVnGm5A==",
      "dev": true,
      "license": "MIT",
      "dependencies": {
        "@astrojs/compiler-binding": "0.4.1"
      },
      "engines": {
        "node": ">=22.12.0"
      }
    },
    "node_modules/@emnapi/core": {
      "version": "1.11.3",
      "resolved": "https://registry.npmjs.org/@emnapi/core/-/core-1.11.3.tgz",
      "integrity": "sha512-zLpS5asjEb7lq8jYLq37N6XKaE41DIexlY1rF/z4/tIl3wo13Sqm28fRyfIsKZD+NZ8mM5RoKkpW/rBcuoSZSg==",
      "dev": true,
      "license": "MIT",
      "optional": true,
      "peer": true,
      "dependencies": {
        "@emnapi/wasi-threads": "1.2.3",
        "tslib": "^2.4.0"
      }
    },
    "node_modules/@emnapi/runtime": {
      "version": "1.11.3",
      "resolved": "https://registry.npmjs.org/@emnapi/runtime/-/runtime-1.11.3.tgz",
      "integrity": "sha512-Xz4Tpyki7XyrpbUK1jR1AhdAdaXyhhY4lZ3neLodmhpuWfy2PAQN5B46sAiU4liOXGLkHypn/qU+jvfWSCYYLA==",
      "dev": true,
      "license": "MIT",
      "optional": true,
      "peer": true,
      "dependencies": {
        "tslib": "^2.4.0"
      }
    },
    "node_modules/@emnapi/wasi-threads": {
      "version": "1.2.3",
      "resolved": "https://registry.npmjs.org/@emnapi/wasi-threads/-/wasi-threads-1.2.3.tgz",
      "integrity": "sha512-ELEBe8PsLvvJ6QMr0zLt8ffvOHW/dc1m3CEzNMg7aJUv3bMaoDtw2TXyDAwkYBuroxxuHEwhRTLJSe5sya547g==",
      "dev": true,
      "license": "MIT",
      "optional": true,
      "peer": true,
      "dependencies": {
        "tslib": "^2.4.0"
      }
    },
    "node_modules/@napi-rs/wasm-runtime": {
      "version": "1.2.5",
      "resolved": "https://registry.npmjs.org/@napi-rs/wasm-runtime/-/wasm-runtime-1.2.5.tgz",
      "integrity": "sha512-HshSvXzmBxNzqejd3k/KemgQ3hdREUYFRRrgxOZ+gPljDIsO2SDZrVZMd4Z/HsxudQbE62OVyVFE8z9BCurfjA==",
      "dev": true,
      "license": "MIT",
      "optional": true,
      "dependencies": {
        "@tybys/wasm-util": "^0.10.3"
      },
      "engines": {
        "node": "^20.19.0 || ^22.13.0 || >=23.5.0"
      },
      "funding": {
        "type": "github",
        "url": "https://github.com/sponsors/Brooooooklyn"
      },
      "peerDependencies": {
        "@emnapi/core": "^1.7.1 || ^2.0.0-alpha.4",
        "@emnapi/runtime": "^1.7.1 || ^2.0.0-alpha.4"
      }
    },
    "node_modules/@prettier/parse-srcset": {
      "version": "3.1.0",
      "resolved": "https://registry.npmjs.org/@prettier/parse-srcset/-/parse-srcset-3.1.0.tgz",
      "integrity": "sha512-FIRv2rZotO9NP/r66taYqD1zICpPiBbrECqjKV/xqNotqDxF7fLzzUeK+1RSRx9Tenk0DajR/GcRmTJ2qtHaKQ==",
      "dev": true,
      "license": "MIT"
    },
    "node_modules/@tybys/wasm-util": {
      "version": "0.10.4",
      "resolved": "https://registry.npmjs.org/@tybys/wasm-util/-/wasm-util-0.10.4.tgz",
      "integrity": "sha512-W3c4gRigFS0T/Ma4qIYF3GDAc5AQdHb1yL5znJT1Zv1YaD9Kitx656wBjvr19qbiosmZT8lWDM5BEMynUqX65A==",
      "dev": true,
      "license": "MIT",
      "optional": true,
      "dependencies": {
        "tslib": "^2.4.0"
      }
    },
    "node_modules/prettier": {
      "version": "3.9.9",
      "resolved": "https://registry.npmjs.org/prettier/-/prettier-3.9.9.tgz",
      "integrity": "sha512-Z/CJHIkdujO/OtN7nXUii0Rf3VT5SRuhjBA82Xvu2XhBUgX3nhP67T0LHceBdQLex7OOFGTox+Q5Yg8Jk2Qivg==",
      "dev": true,
      "license": "MIT",
      "bin": {
        "prettier": "bin/prettier.cjs"
      },
      "engines": {
        "node": ">=14"
      },
      "funding": {
        "url": "https://github.com/prettier/prettier?sponsor=1"
      }
    },
    "node_modules/prettier-plugin-astro": {
      "version": "1.1.0",
      "resolved": "https://registry.npmjs.org/prettier-plugin-astro/-/prettier-plugin-astro-1.1.0.tgz",
      "integrity": "sha512-ujJ1VX+iin4eYJPHVCEbmXHzrEVsi1SaVehHtbAteTZv8VTrZyBiZPmYc6Ud6+fkr/UBMXuEu3N3+d49h7YfKw==",
      "dev": true,
      "license": "MIT",
      "dependencies": {
        "@astrojs/compiler-rs": "^0.4.0",
        "@prettier/parse-srcset": "^3.1.0",
        "sass-formatter": "^0.8.0"
      },
      "engines": {
        "node": ">=22.12.0"
      },
      "peerDependencies": {
        "prettier": "^3.5.3"
      }
    },
    "node_modules/s.color": {
      "version": "0.0.15",
      "resolved": "https://registry.npmjs.org/s.color/-/s.color-0.0.15.tgz",
      "integrity": "sha512-AUNrbEUHeKY8XsYr/DYpl+qk5+aM+DChopnWOPEzn8YKzOhv4l2zH6LzZms3tOZP3wwdOyc0RmTciyi46HLIuA==",
      "dev": true,
      "license": "MIT"
    },
    "node_modules/sass-formatter": {
      "version": "0.8.0",
      "resolved": "https://registry.npmjs.org/sass-formatter/-/sass-formatter-0.8.0.tgz",
      "integrity": "sha512-Nf4eMGE2O5vnJG7KPCRyksWS9gVKSYoUWtPeMXRRxwZSPVQhSGtL602xVYS65LvMkHmkvKa7xpauF0+/5pPwrg==",
      "dev": true,
      "license": "MIT",
      "dependencies": {
        "suf-log": "^2.5.3"
      },
      "bin": {
        "sass-formatter": "dist/cli.js"
      }
    },
    "node_modules/suf-log": {
      "version": "2.5.3",
      "resolved": "https://registry.npmjs.org/suf-log/-/suf-log-2.5.3.tgz",
      "integrity": "sha512-KvC8OPjzdNOe+xQ4XWJV2whQA0aM1kGVczMQ8+dStAO6KfEB140JEVQ9dE76ONZ0/Ylf67ni4tILPJB41U0eow==",
      "dev": true,
      "license": "MIT",
      "dependencies": {
        "s.color": "0.0.15"
      }
    },
    "node_modules/tslib": {
      "version": "2.8.1",
      "resolved": "https://registry.npmjs.org/tslib/-/tslib-2.8.1.tgz",
      "integrity": "sha512-oJFu94HQb+KVduSUQL7wnpmqnfmLsOA/nAh6b6EH0wCEoK0/mPeXU6c3wKDV83MkOuHPRHtSXKKU99IBazS/2w==",
      "dev": true,
      "license": "0BSD",
      "optional": true
    }
  }
}
